
Microsoft Visual Studio Solution File, Format Version 12.00
# Visual Studio 15
VisualStudioVersion = 15.0.28307.168
MinimumVisualStudioVersion = 10.0.40219.1
Project("{2150E333-8FDC-42A3-9474-1A3956D46DE8}") = "APP", "APP", "{EBB83251-62F0-4DAA-BB23-EBDB1A2B8065}"
EndProject
Project("{9A19103F-16F7-4668-BE54-9A1E7A4F7556}") = "OrderOnline", "OrderOnline\OrderOnline.csproj", "{296A9E9F-DA5E-44FB-AB3D-ADF0CDB17C18}"
EndProject
Project("{9A19103F-16F7-4668-BE54-9A1E7A4F7556}") = "Order.IService", "Order.IService\Order.IService.csproj", "{A1BC2011-EDD3-4CF7-B65C-F35E566A70E0}"
EndProject
Project("{9A19103F-16F7-4668-BE54-9A1E7A4F7556}") = "Order.Service", "Order.Service\Order.Service.csproj", "{A2570D8A-9883-44B3-BE6E-1C2607604318}"
EndProject
Project("{2150E333-8FDC-42A3-9474-1A3956D46DE8}") = "BLL", "BLL", "{A608FCF3-88F0-4D8E-B516-5D24A2A2B164}"
EndProject
Project("{2150E333-8FDC-42A3-9474-1A3956D46DE8}") = "Common", "Common", "{4771C3E8-2418-4EBC-82E1-9614AC853D51}"
EndProject
Project("{2150E333-8FDC-42A3-9474-1A3956D46DE8}") = "DAL", "DAL", "{CA4334D7-AB44-4D80-858C-70D92934F5F1}"
EndProject
Project("{2150E333-8FDC-42A3-9474-1A3956D46DE8}") = "Entity", "Entity", "{752DF1A8-37E3-4643-89C8-5BA23604C8B1}"
EndProject
Project("{9A19103F-16F7-4668-BE54-9A1E7A4F7556}") = "Order.Core.Common", "Order.Core\Order.Core.Common.csproj", "{C3BA441F-70D8-4847-9657-C6689F52C26A}"
EndProject
Project("{9A19103F-16F7-4668-BE54-9A1E7A4F7556}") = "Order.IRepository", "Order.IRepository\Order.IRepository.csproj", "{92B7544D-4113-4674-8671-B8626214C199}"
EndProject
Project("{9A19103F-16F7-4668-BE54-9A1E7A4F7556}") = "Order.Repository.SqlSugar", "Order.Repository.SqlServer\Order.Repository.SqlSugar.csproj", "{E07D6F32-37E5-460F-B11F-F257AEB02564}"
EndProject
Project("{9A19103F-16F7-4668-BE54-9A1E7A4F7556}") = "Order.DataEntity", "Order.DataEntity\Order.DataEntity.csproj", "{E37B5C6C-57FE-4A5D-9C1E-2F1CD5160A59}"
EndProject
Project("{9A19103F-16F7-4668-BE54-9A1E7A4F7556}") = "Order.ViewEntity", "Order.ViewEntity\Order.ViewEntity.csproj", "{53CFE6A5-F8A4-47E4-9239-7BF4C2EDF496}"
EndProject
Global
	GlobalSection(SolutionConfigurationPlatforms) = preSolution
		Debug|Any CPU = Debug|Any CPU
		Release|Any CPU = Release|Any CPU
	EndGlobalSection
	GlobalSection(ProjectConfigurationPlatforms) = postSolution
		{296A9E9F-DA5E-44FB-AB3D-ADF0CDB17C18}.Debug|Any CPU.ActiveCfg = Debug|Any CPU
		{296A9E9F-DA5E-44FB-AB3D-ADF0CDB17C18}.Debug|Any CPU.Build.0 = Debug|Any CPU
		{296A9E9F-DA5E-44FB-AB3D-ADF0CDB17C18}.Release|Any CPU.ActiveCfg = Release|Any CPU
		{296A9E9F-DA5E-44FB-AB3D-ADF0CDB17C18}.Release|Any CPU.Build.0 = Release|Any CPU
		{A1BC2011-EDD3-4CF7-B65C-F35E566A70E0}.Debug|Any CPU.ActiveCfg = Debug|Any CPU
		{A1BC2011-EDD3-4CF7-B65C-F35E566A70E0}.Debug|Any CPU.Build.0 = Debug|Any CPU
		{A1BC2011-EDD3-4CF7-B65C-F35E566A70E0}.Release|Any CPU.ActiveCfg = Release|Any CPU
		{A1BC2011-EDD3-4CF7-B65C-F35E566A70E0}.Release|Any CPU.Build.0 = Release|Any CPU
		{A2570D8A-9883-44B3-BE6E-1C2607604318}.Debug|Any CPU.ActiveCfg = Debug|Any CPU
		{A2570D8A-9883-44B3-BE6E-1C2607604318}.Debug|Any CPU.Build.0 = Debug|Any CPU
		{A2570D8A-9883-44B3-BE6E-1C2607604318}.Release|Any CPU.ActiveCfg = Release|Any CPU
		{A2570D8A-9883-44B3-BE6E-1C2607604318}.Release|Any CPU.Build.0 = Release|Any CPU
		{C3BA441F-70D8-4847-9657-C6689F52C26A}.Debug|Any CPU.ActiveCfg = Debug|Any CPU
		{C3BA441F-70D8-4847-9657-C6689F52C26A}.Debug|Any CPU.Build.0 = Debug|Any CPU
		{C3BA441F-70D8-4847-9657-C6689F52C26A}.Release|Any CPU.ActiveCfg = Release|Any CPU
		{C3BA441F-70D8-4847-9657-C6689F52C26A}.Release|Any CPU.Build.0 = Release|Any CPU
		{92B7544D-4113-4674-8671-B8626214C199}.Debug|Any CPU.ActiveCfg = Debug|Any CPU
		{92B7544D-4113-4674-8671-B8626214C199}.Debug|Any CPU.Build.0 = Debug|Any CPU
		{92B7544D-4113-4674-8671-B8626214C199}.Release|Any CPU.ActiveCfg = Release|Any CPU
		{92B7544D-4113-4674-8671-B8626214C199}.Release|Any CPU.Build.0 = Release|Any CPU
		{E07D6F32-37E5-460F-B11F-F257AEB02564}.Debug|Any CPU.ActiveCfg = Debug|Any CPU
		{E07D6F32-37E5-460F-B11F-F257AEB02564}.Debug|Any CPU.Build.0 = Debug|Any CPU
		{E07D6F32-37E5-460F-B11F-F257AEB02564}.Release|Any CPU.ActiveCfg = Release|Any CPU
		{E07D6F32-37E5-460F-B11F-F257AEB02564}.Release|Any CPU.Build.0 = Release|Any CPU
		{E37B5C6C-57FE-4A5D-9C1E-2F1CD5160A59}.Debug|Any CPU.ActiveCfg = Debug|Any CPU
		{E37B5C6C-57FE-4A5D-9C1E-2F1CD5160A59}.Debug|Any CPU.Build.0 = Debug|Any CPU
		{E37B5C6C-57FE-4A5D-9C1E-2F1CD5160A59}.Release|Any CPU.ActiveCfg = Release|Any CPU
		{E37B5C6C-57FE-4A5D-9C1E-2F1CD5160A59}.Release|Any CPU.Build.0 = Release|Any CPU
		{53CFE6A5-F8A4-47E4-9239-7BF4C2EDF496}.Debug|Any CPU.ActiveCfg = Debug|Any CPU
		{53CFE6A5-F8A4-47E4-9239-7BF4C2EDF496}.Debug|Any CPU.Build.0 = Debug|Any CPU
		{53CFE6A5-F8A4-47E4-9239-7BF4C2EDF496}.Release|Any CPU.ActiveCfg = Release|Any CPU
		{53CFE6A5-F8A4-47E4-9239-7BF4C2EDF496}.Release|Any CPU.Build.0 = Release|Any CPU
	EndGlobalSection
	GlobalSection(SolutionProperties) = preSolution
		HideSolutionNode = FALSE
	EndGlobalSection
	GlobalSection(NestedProjects) = preSolution
		{296A9E9F-DA5E-44FB-AB3D-ADF0CDB17C18} = {EBB83251-62F0-4DAA-BB23-EBDB1A2B8065}
		{A1BC2011-EDD3-4CF7-B65C-F35E566A70E0} = {A608FCF3-88F0-4D8E-B516-5D24A2A2B164}
		{A2570D8A-9883-44B3-BE6E-1C2607604318} = {A608FCF3-88F0-4D8E-B516-5D24A2A2B164}
		{C3BA441F-70D8-4847-9657-C6689F52C26A} = {4771C3E8-2418-4EBC-82E1-9614AC853D51}
		{92B7544D-4113-4674-8671-B8626214C199} = {CA4334D7-AB44-4D80-858C-70D92934F5F1}
		{E07D6F32-37E5-460F-B11F-F257AEB02564} = {CA4334D7-AB44-4D80-858C-70D92934F5F1}
		{E37B5C6C-57FE-4A5D-9C1E-2F1CD5160A59} = {752DF1A8-37E3-4643-89C8-5BA23604C8B1}
		{53CFE6A5-F8A4-47E4-9239-7BF4C2EDF496} = {752DF1A8-37E3-4643-89C8-5BA23604C8B1}
	EndGlobalSection
	GlobalSection(ExtensibilityGlobals) = postSolution
		SolutionGuid = {E8BDC597-0660-4891-A1FB-8CD0C7F1441F}
	EndGlobalSection
EndGlobal
