
Microsoft Visual Studio Solution File, Format Version 12.00
# Visual Studio 15
VisualStudioVersion = 15.0.28307.168
MinimumVisualStudioVersion = 10.0.40219.1
Project("{2150E333-8FDC-42A3-9474-1A3956D46DE8}") = "APP", "APP", "{EBB83251-62F0-4DAA-BB23-EBDB1A2B8065}"
EndProject
Project("{FAE04EC0-301F-11D3-BF4B-00C04F79EFBC}") = "OrderOnline", "OrderOnline\OrderOnline.csproj", "{296A9E9F-DA5E-44FB-AB3D-ADF0CDB17C18}"
EndProject
Project("{FAE04EC0-301F-11D3-BF4B-00C04F79EFBC}") = "Order.IService", "Order.IService\Order.IService.csproj", "{A1BC2011-EDD3-4CF7-B65C-F35E566A70E0}"
EndProject
Project("{FAE04EC0-301F-11D3-BF4B-00C04F79EFBC}") = "Order.Service", "Order.Service\Order.Service.csproj", "{A2570D8A-9883-44B3-BE6E-1C2607604318}"
EndProject
Project("{2150E333-8FDC-42A3-9474-1A3956D46DE8}") = "BLL", "BLL", "{A608FCF3-88F0-4D8E-B516-5D24A2A2B164}"
EndProject
Project("{2150E333-8FDC-42A3-9474-1A3956D46DE8}") = "Common", "Common", "{4771C3E8-2418-4EBC-82E1-9614AC853D51}"
EndProject
Project("{FAE04EC0-301F-11D3-BF4B-00C04F79EFBC}") = "Order.Core", "OOL.Core\Order.Core.csproj", "{C8A3068B-0531-452A-9024-E0D3F601B4D1}"
EndProject
Project("{2150E333-8FDC-42A3-9474-1A3956D46DE8}") = "DAL", "DAL", "{CA4334D7-AB44-4D80-858C-70D92934F5F1}"
EndProject
Project("{FAE04EC0-301F-11D3-BF4B-00C04F79EFBC}") = "Order.IRepository", "OrderOnline.IRepository\Order.IRepository.csproj", "{C467650A-337A-4003-8971-64DB7D066DE2}"
EndProject
Project("{FAE04EC0-301F-11D3-BF4B-00C04F79EFBC}") = "Order.Repository.SqlServer", "OrderOnline.Repository.SqlServer\Order.Repository.SqlServer.csproj", "{C6408A5A-1BD2-44B9-A2BE-D17283EA70BA}"
EndProject
Project("{2150E333-8FDC-42A3-9474-1A3956D46DE8}") = "Entity", "Entity", "{752DF1A8-37E3-4643-89C8-5BA23604C8B1}"
EndProject
Project("{FAE04EC0-301F-11D3-BF4B-00C04F79EFBC}") = "Order.DataEntity", "OrderOnline.DataEntity\Order.DataEntity.csproj", "{D9F037FE-16E9-4461-8FE3-3A3C52EB5D74}"
EndProject
Project("{FAE04EC0-301F-11D3-BF4B-00C04F79EFBC}") = "Order.ViewEntity", "OrderOnline.ViewEntity\Order.ViewEntity.csproj", "{7760528B-88C9-4DBE-B18F-9AA948FB4A66}"
EndProject
Global
	GlobalSection(SolutionConfigurationPlatforms) = preSolution
		Debug|Any CPU = Debug|Any CPU
		Release|Any CPU = Release|Any CPU
	EndGlobalSection
	GlobalSection(ProjectConfigurationPlatforms) = postSolution
		{296A9E9F-DA5E-44FB-AB3D-ADF0CDB17C18}.Debug|Any CPU.ActiveCfg = Debug|Any CPU
		{296A9E9F-DA5E-44FB-AB3D-ADF0CDB17C18}.Debug|Any CPU.Build.0 = Debug|Any CPU
		{296A9E9F-DA5E-44FB-AB3D-ADF0CDB17C18}.Release|Any CPU.ActiveCfg = Release|Any CPU
		{296A9E9F-DA5E-44FB-AB3D-ADF0CDB17C18}.Release|Any CPU.Build.0 = Release|Any CPU
		{A1BC2011-EDD3-4CF7-B65C-F35E566A70E0}.Debug|Any CPU.ActiveCfg = Debug|Any CPU
		{A1BC2011-EDD3-4CF7-B65C-F35E566A70E0}.Debug|Any CPU.Build.0 = Debug|Any CPU
		{A1BC2011-EDD3-4CF7-B65C-F35E566A70E0}.Release|Any CPU.ActiveCfg = Release|Any CPU
		{A1BC2011-EDD3-4CF7-B65C-F35E566A70E0}.Release|Any CPU.Build.0 = Release|Any CPU
		{A2570D8A-9883-44B3-BE6E-1C2607604318}.Debug|Any CPU.ActiveCfg = Debug|Any CPU
		{A2570D8A-9883-44B3-BE6E-1C2607604318}.Debug|Any CPU.Build.0 = Debug|Any CPU
		{A2570D8A-9883-44B3-BE6E-1C2607604318}.Release|Any CPU.ActiveCfg = Release|Any CPU
		{A2570D8A-9883-44B3-BE6E-1C2607604318}.Release|Any CPU.Build.0 = Release|Any CPU
		{C8A3068B-0531-452A-9024-E0D3F601B4D1}.Debug|Any CPU.ActiveCfg = Debug|Any CPU
		{C8A3068B-0531-452A-9024-E0D3F601B4D1}.Debug|Any CPU.Build.0 = Debug|Any CPU
		{C8A3068B-0531-452A-9024-E0D3F601B4D1}.Release|Any CPU.ActiveCfg = Release|Any CPU
		{C8A3068B-0531-452A-9024-E0D3F601B4D1}.Release|Any CPU.Build.0 = Release|Any CPU
		{C467650A-337A-4003-8971-64DB7D066DE2}.Debug|Any CPU.ActiveCfg = Debug|Any CPU
		{C467650A-337A-4003-8971-64DB7D066DE2}.Debug|Any CPU.Build.0 = Debug|Any CPU
		{C467650A-337A-4003-8971-64DB7D066DE2}.Release|Any CPU.ActiveCfg = Release|Any CPU
		{C467650A-337A-4003-8971-64DB7D066DE2}.Release|Any CPU.Build.0 = Release|Any CPU
		{C6408A5A-1BD2-44B9-A2BE-D17283EA70BA}.Debug|Any CPU.ActiveCfg = Debug|Any CPU
		{C6408A5A-1BD2-44B9-A2BE-D17283EA70BA}.Debug|Any CPU.Build.0 = Debug|Any CPU
		{C6408A5A-1BD2-44B9-A2BE-D17283EA70BA}.Release|Any CPU.ActiveCfg = Release|Any CPU
		{C6408A5A-1BD2-44B9-A2BE-D17283EA70BA}.Release|Any CPU.Build.0 = Release|Any CPU
		{D9F037FE-16E9-4461-8FE3-3A3C52EB5D74}.Debug|Any CPU.ActiveCfg = Debug|Any CPU
		{D9F037FE-16E9-4461-8FE3-3A3C52EB5D74}.Debug|Any CPU.Build.0 = Debug|Any CPU
		{D9F037FE-16E9-4461-8FE3-3A3C52EB5D74}.Release|Any CPU.ActiveCfg = Release|Any CPU
		{D9F037FE-16E9-4461-8FE3-3A3C52EB5D74}.Release|Any CPU.Build.0 = Release|Any CPU
		{7760528B-88C9-4DBE-B18F-9AA948FB4A66}.Debug|Any CPU.ActiveCfg = Debug|Any CPU
		{7760528B-88C9-4DBE-B18F-9AA948FB4A66}.Debug|Any CPU.Build.0 = Debug|Any CPU
		{7760528B-88C9-4DBE-B18F-9AA948FB4A66}.Release|Any CPU.ActiveCfg = Release|Any CPU
		{7760528B-88C9-4DBE-B18F-9AA948FB4A66}.Release|Any CPU.Build.0 = Release|Any CPU
	EndGlobalSection
	GlobalSection(SolutionProperties) = preSolution
		HideSolutionNode = FALSE
	EndGlobalSection
	GlobalSection(NestedProjects) = preSolution
		{296A9E9F-DA5E-44FB-AB3D-ADF0CDB17C18} = {EBB83251-62F0-4DAA-BB23-EBDB1A2B8065}
		{A1BC2011-EDD3-4CF7-B65C-F35E566A70E0} = {A608FCF3-88F0-4D8E-B516-5D24A2A2B164}
		{A2570D8A-9883-44B3-BE6E-1C2607604318} = {A608FCF3-88F0-4D8E-B516-5D24A2A2B164}
		{C8A3068B-0531-452A-9024-E0D3F601B4D1} = {4771C3E8-2418-4EBC-82E1-9614AC853D51}
		{C467650A-337A-4003-8971-64DB7D066DE2} = {CA4334D7-AB44-4D80-858C-70D92934F5F1}
		{C6408A5A-1BD2-44B9-A2BE-D17283EA70BA} = {CA4334D7-AB44-4D80-858C-70D92934F5F1}
		{D9F037FE-16E9-4461-8FE3-3A3C52EB5D74} = {752DF1A8-37E3-4643-89C8-5BA23604C8B1}
		{7760528B-88C9-4DBE-B18F-9AA948FB4A66} = {752DF1A8-37E3-4643-89C8-5BA23604C8B1}
	EndGlobalSection
	GlobalSection(ExtensibilityGlobals) = postSolution
		SolutionGuid = {E8BDC597-0660-4891-A1FB-8CD0C7F1441F}
	EndGlobalSection
EndGlobal
